
Microsoft Visual Studio Solution File, Format Version 12.00
# Visual Studio Version 17
VisualStudioVersion = 17.10.35122.118
MinimumVisualStudioVersion = 10.0.40219.1
Project("{FAE04EC0-301F-11D3-BF4B-00C04F79EFBC}") = "LibrarySystem", "LibrarySystem\LibrarySystem.csproj", "{A3F3AA16-0638-4A9D-A383-8CAF84AD091B}"
EndProject
Global
	GlobalSection(SolutionConfigurationPlatforms) = preSolution
		Debug|Any CPU = Debug|Any CPU
		Release|Any CPU = Release|Any CPU
	EndGlobalSection
	GlobalSection(ProjectConfigurationPlatforms) = postSolution
		{A3F3AA16-0638-4A9D-A383-8CAF84AD091B}.Debug|Any CPU.ActiveCfg = Debug|Any CPU
		{A3F3AA16-0638-4A9D-A383-8CAF84AD091B}.Debug|Any CPU.Build.0 = Debug|Any CPU
		{A3F3AA16-0638-4A9D-A383-8CAF84AD091B}.Release|Any CPU.ActiveCfg = Release|Any CPU
		{A3F3AA16-0638-4A9D-A383-8CAF84AD091B}.Release|Any CPU.Build.0 = Release|Any CPU
	EndGlobalSection
	GlobalSection(SolutionProperties) = preSolution
		HideSolutionNode = FALSE
	EndGlobalSection
	GlobalSection(ExtensibilityGlobals) = postSolution
		SolutionGuid = {E34C4C35-A20D-4D7D-A58E-F6CFF22E507F}
	EndGlobalSection
EndGlobal
